
Microsoft Visual Studio Solution File, Format Version 12.00
# Visual Studio Version 16
VisualStudioVersion = 16.0.31829.152
MinimumVisualStudioVersion = 10.0.40219.1
Project("{FAE04EC0-301F-11D3-BF4B-00C04F79EFBC}") = "serwis_z_filmami", "serwis_z_filmami.csproj", "{BDB130BC-4442-40BD-B8FA-7454C9EBDF2A}"
EndProject
Global
	GlobalSection(SolutionConfigurationPlatforms) = preSolution
		Debug|Any CPU = Debug|Any CPU
		Release|Any CPU = Release|Any CPU
	EndGlobalSection
	GlobalSection(ProjectConfigurationPlatforms) = postSolution
		{BDB130BC-4442-40BD-B8FA-7454C9EBDF2A}.Debug|Any CPU.ActiveCfg = Debug|Any CPU
		{BDB130BC-4442-40BD-B8FA-7454C9EBDF2A}.Debug|Any CPU.Build.0 = Debug|Any CPU
		{BDB130BC-4442-40BD-B8FA-7454C9EBDF2A}.Release|Any CPU.ActiveCfg = Release|Any CPU
		{BDB130BC-4442-40BD-B8FA-7454C9EBDF2A}.Release|Any CPU.Build.0 = Release|Any CPU
	EndGlobalSection
	GlobalSection(SolutionProperties) = preSolution
		HideSolutionNode = FALSE
	EndGlobalSection
	GlobalSection(ExtensibilityGlobals) = postSolution
		SolutionGuid = {86F4069B-B494-4C9C-8ACB-D734059200C1}
	EndGlobalSection
EndGlobal
